
Microsoft Visual Studio Solution File, Format Version 12.00
# Visual Studio Version 17
VisualStudioVersion = 17.4.33403.182
MinimumVisualStudioVersion = 10.0.40219.1
Project("{FAE04EC0-301F-11D3-BF4B-00C04F79EFBC}") = "API_SingUp", "API_SingUp\API_SingUp.csproj", "{966C6217-D434-48DB-9498-9E395D52955E}"
EndProject
Global
	GlobalSection(SolutionConfigurationPlatforms) = preSolution
		Debug|Any CPU = Debug|Any CPU
		Release|Any CPU = Release|Any CPU
	EndGlobalSection
	GlobalSection(ProjectConfigurationPlatforms) = postSolution
		{966C6217-D434-48DB-9498-9E395D52955E}.Debug|Any CPU.ActiveCfg = Debug|Any CPU
		{966C6217-D434-48DB-9498-9E395D52955E}.Debug|Any CPU.Build.0 = Debug|Any CPU
		{966C6217-D434-48DB-9498-9E395D52955E}.Release|Any CPU.ActiveCfg = Release|Any CPU
		{966C6217-D434-48DB-9498-9E395D52955E}.Release|Any CPU.Build.0 = Release|Any CPU
	EndGlobalSection
	GlobalSection(SolutionProperties) = preSolution
		HideSolutionNode = FALSE
	EndGlobalSection
	GlobalSection(ExtensibilityGlobals) = postSolution
		SolutionGuid = {F1A2CE41-0B84-4C39-BE5C-91F6ADC12CCC}
	EndGlobalSection
EndGlobal
